// !$*UTF8*$!
{
	archiveVersion = 1;
	classes = {
	};
	objectVersion = 48;
	objects = {

/* Begin PBXBuildFile section */
		84062A6E1FF22A6500417969 /* newTicket.swift in Sources */ = {isa = PBXBuildFile; fileRef = 84062A6D1FF22A6500417969 /* newTicket.swift */; };
		848C137D202C8B010099B798 /* Messenger.swift in Sources */ = {isa = PBXBuildFile; fileRef = 848C137C202C8B010099B798 /* Messenger.swift */; };
		848C1388202C8E840099B798 /* Vk.mp3 in Resources */ = {isa = PBXBuildFile; fileRef = 848C1383202C8E830099B798 /* Vk.mp3 */; };
		848C1389202C8E840099B798 /* Bamboo.mp3 in Resources */ = {isa = PBXBuildFile; fileRef = 848C1384202C8E830099B798 /* Bamboo.mp3 */; };
		848C138A202C8E840099B798 /* Blum.mp3 in Resources */ = {isa = PBXBuildFile; fileRef = 848C1385202C8E840099B798 /* Blum.mp3 */; };
		848C138B202C8E840099B798 /* Keys.mp3 in Resources */ = {isa = PBXBuildFile; fileRef = 848C1386202C8E840099B798 /* Keys.mp3 */; };
		848C138C202C8E840099B798 /* Note.mp3 in Resources */ = {isa = PBXBuildFile; fileRef = 848C1387202C8E840099B798 /* Note.mp3 */; };
		848C138E202C9A7C0099B798 /* NewTicket.mp3 in Resources */ = {isa = PBXBuildFile; fileRef = 848C138D202C9A7C0099B798 /* NewTicket.mp3 */; };
		84A2886F201753860047C8CD /* LICENSE in Resources */ = {isa = PBXBuildFile; fileRef = 84A2886E201753860047C8CD /* LICENSE */; };
		84E0E3CD1FB9B1D000EAD800 /* AppDelegate.swift in Sources */ = {isa = PBXBuildFile; fileRef = 84E0E3CC1FB9B1D000EAD800 /* AppDelegate.swift */; };
		84E0E3CF1FB9B1D000EAD800 /* ViewController.swift in Sources */ = {isa = PBXBuildFile; fileRef = 84E0E3CE1FB9B1D000EAD800 /* ViewController.swift */; };
		84E0E3D11FB9B1D000EAD800 /* Assets.xcassets in Resources */ = {isa = PBXBuildFile; fileRef = 84E0E3D01FB9B1D000EAD800 /* Assets.xcassets */; };
		84E0E3D41FB9B1D000EAD800 /* Main.storyboard in Resources */ = {isa = PBXBuildFile; fileRef = 84E0E3D21FB9B1D000EAD800 /* Main.storyboard */; };
		84E0E3DD1FB9B1FE00EAD800 /* podfile in Resources */ = {isa = PBXBuildFile; fileRef = 84E0E3DC1FB9B1FE00EAD800 /* podfile */; };
		84F254542010D9BF00E5C8B8 /* viewTicket.swift in Sources */ = {isa = PBXBuildFile; fileRef = 84F254532010D9BF00E5C8B8 /* viewTicket.swift */; };
		84F254562010E08D00E5C8B8 /* Artwork.swift in Sources */ = {isa = PBXBuildFile; fileRef = 84F254552010E08D00E5C8B8 /* Artwork.swift */; };
		84F2545A2011DB3600E5C8B8 /* Settings.swift in Sources */ = {isa = PBXBuildFile; fileRef = 84F254592011DB3600E5C8B8 /* Settings.swift */; };
		EF42FE507368E51478AF9D13 /* Pods_SystemTicket.framework in Frameworks */ = {isa = PBXBuildFile; fileRef = 1F3F35D1773F12CAD23E8356 /* Pods_SystemTicket.framework */; };
/* End PBXBuildFile section */

/* Begin PBXFileReference section */
		036D3E0C31FBB59834D1EAC0 /* Pods-SystemTicket.release.xcconfig */ = {isa = PBXFileReference; includeInIndex = 1; lastKnownFileType = text.xcconfig; name = "Pods-SystemTicket.release.xcconfig"; path = "Pods/Target Support Files/Pods-SystemTicket/Pods-SystemTicket.release.xcconfig"; sourceTree = "<group>"; };
		1F3F35D1773F12CAD23E8356 /* Pods_SystemTicket.framework */ = {isa = PBXFileReference; explicitFileType = wrapper.framework; includeInIndex = 0; path = Pods_SystemTicket.framework; sourceTree = BUILT_PRODUCTS_DIR; };
		84062A6D1FF22A6500417969 /* newTicket.swift */ = {isa = PBXFileReference; lastKnownFileType = sourcecode.swift; path = newTicket.swift; sourceTree = "<group>"; };
		848C137C202C8B010099B798 /* Messenger.swift */ = {isa = PBXFileReference; lastKnownFileType = sourcecode.swift; path = Messenger.swift; sourceTree = "<group>"; };
		848C1380202C8D160099B798 /* SocketIO.framework */ = {isa = PBXFileReference; explicitFileType = wrapper.framework; path = SocketIO.framework; sourceTree = BUILT_PRODUCTS_DIR; };
		848C1381202C8D160099B798 /* SwiftySound.framework */ = {isa = PBXFileReference; explicitFileType = wrapper.framework; path = SwiftySound.framework; sourceTree = BUILT_PRODUCTS_DIR; };
		848C1383202C8E830099B798 /* Vk.mp3 */ = {isa = PBXFileReference; lastKnownFileType = audio.mp3; path = Vk.mp3; sourceTree = "<group>"; };
		848C1384202C8E830099B798 /* Bamboo.mp3 */ = {isa = PBXFileReference; lastKnownFileType = audio.mp3; path = Bamboo.mp3; sourceTree = "<group>"; };
		848C1385202C8E840099B798 /* Blum.mp3 */ = {isa = PBXFileReference; lastKnownFileType = audio.mp3; path = Blum.mp3; sourceTree = "<group>"; };
		848C1386202C8E840099B798 /* Keys.mp3 */ = {isa = PBXFileReference; lastKnownFileType = audio.mp3; path = Keys.mp3; sourceTree = "<group>"; };
		848C1387202C8E840099B798 /* Note.mp3 */ = {isa = PBXFileReference; lastKnownFileType = audio.mp3; path = Note.mp3; sourceTree = "<group>"; };
		848C138D202C9A7C0099B798 /* NewTicket.mp3 */ = {isa = PBXFileReference; lastKnownFileType = audio.mp3; path = NewTicket.mp3; sourceTree = "<group>"; };
		84A2886E201753860047C8CD /* LICENSE */ = {isa = PBXFileReference; lastKnownFileType = text; path = LICENSE; sourceTree = "<group>"; };
		84E0E3C91FB9B1D000EAD800 /* SystemTicket.app */ = {isa = PBXFileReference; explicitFileType = wrapper.application; includeInIndex = 0; path = SystemTicket.app; sourceTree = BUILT_PRODUCTS_DIR; };
		84E0E3CC1FB9B1D000EAD800 /* AppDelegate.swift */ = {isa = PBXFileReference; lastKnownFileType = sourcecode.swift; path = AppDelegate.swift; sourceTree = "<group>"; };
		84E0E3CE1FB9B1D000EAD800 /* ViewController.swift */ = {isa = PBXFileReference; lastKnownFileType = sourcecode.swift; path = ViewController.swift; sourceTree = "<group>"; };
		84E0E3D01FB9B1D000EAD800 /* Assets.xcassets */ = {isa = PBXFileReference; lastKnownFileType = folder.assetcatalog; path = Assets.xcassets; sourceTree = "<group>"; };
		84E0E3D31FB9B1D000EAD800 /* Base */ = {isa = PBXFileReference; lastKnownFileType = file.storyboard; name = Base; path = Base.lproj/Main.storyboard; sourceTree = "<group>"; };
		84E0E3D51FB9B1D000EAD800 /* Info.plist */ = {isa = PBXFileReference; lastKnownFileType = text.plist.xml; path = Info.plist; sourceTree = "<group>"; };
		84E0E3D61FB9B1D000EAD800 /* SystemTicket.entitlements */ = {isa = PBXFileReference; lastKnownFileType = text.plist.entitlements; path = SystemTicket.entitlements; sourceTree = "<group>"; };
		84E0E3DC1FB9B1FE00EAD800 /* podfile */ = {isa = PBXFileReference; lastKnownFileType = text; path = podfile; sourceTree = "<group>"; };
		84E0E3E41FB9B5F900EAD800 /* Alamofire.framework */ = {isa = PBXFileReference; explicitFileType = wrapper.framework; path = Alamofire.framework; sourceTree = BUILT_PRODUCTS_DIR; };
		84E0E3E51FB9B5F900EAD800 /* SwiftyJSON.framework */ = {isa = PBXFileReference; explicitFileType = wrapper.framework; path = SwiftyJSON.framework; sourceTree = BUILT_PRODUCTS_DIR; };
		84F254532010D9BF00E5C8B8 /* viewTicket.swift */ = {isa = PBXFileReference; lastKnownFileType = sourcecode.swift; path = viewTicket.swift; sourceTree = "<group>"; };
		84F254552010E08D00E5C8B8 /* Artwork.swift */ = {isa = PBXFileReference; lastKnownFileType = sourcecode.swift; path = Artwork.swift; sourceTree = "<group>"; };
		84F254592011DB3600E5C8B8 /* Settings.swift */ = {isa = PBXFileReference; lastKnownFileType = sourcecode.swift; path = Settings.swift; sourceTree = "<group>"; };
		9A372C90ED9C18EE35EE9F48 /* Pods-SystemTicket.debug.xcconfig */ = {isa = PBXFileReference; includeInIndex = 1; lastKnownFileType = text.xcconfig; name = "Pods-SystemTicket.debug.xcconfig"; path = "Pods/Target Support Files/Pods-SystemTicket/Pods-SystemTicket.debug.xcconfig"; sourceTree = "<group>"; };
/* End PBXFileReference section */

/* Begin PBXFrameworksBuildPhase section */
		84E0E3C61FB9B1D000EAD800 /* Frameworks */ = {
			isa = PBXFrameworksBuildPhase;
			buildActionMask = 2147483647;
			files = (
				EF42FE507368E51478AF9D13 /* Pods_SystemTicket.framework in Frameworks */,
			);
			runOnlyForDeploymentPostprocessing = 0;
		};
/* End PBXFrameworksBuildPhase section */

/* Begin PBXGroup section */
		0F3D9A13D5808C09B9F08966 /* Frameworks */ = {
			isa = PBXGroup;
			children = (
				848C1380202C8D160099B798 /* SocketIO.framework */,
				848C1381202C8D160099B798 /* SwiftySound.framework */,
				84E0E3E41FB9B5F900EAD800 /* Alamofire.framework */,
				84E0E3E51FB9B5F900EAD800 /* SwiftyJSON.framework */,
				1F3F35D1773F12CAD23E8356 /* Pods_SystemTicket.framework */,
			);
			name = Frameworks;
			sourceTree = "<group>";
		};
		84062A6C1FF22A4B00417969 /* Ticket */ = {
			isa = PBXGroup;
			children = (
				84062A6D1FF22A6500417969 /* newTicket.swift */,
				84F254532010D9BF00E5C8B8 /* viewTicket.swift */,
				84F254552010E08D00E5C8B8 /* Artwork.swift */,
			);
			path = Ticket;
			sourceTree = "<group>";
		};
		848C137B202C8A910099B798 /* Addition */ = {
			isa = PBXGroup;
			children = (
				848C137C202C8B010099B798 /* Messenger.swift */,
			);
			path = Addition;
			sourceTree = "<group>";
		};
		848C1382202C8E540099B798 /* Sounds */ = {
			isa = PBXGroup;
			children = (
				848C138D202C9A7C0099B798 /* NewTicket.mp3 */,
				848C1384202C8E830099B798 /* Bamboo.mp3 */,
				848C1385202C8E840099B798 /* Blum.mp3 */,
				848C1386202C8E840099B798 /* Keys.mp3 */,
				848C1387202C8E840099B798 /* Note.mp3 */,
				848C1383202C8E830099B798 /* Vk.mp3 */,
			);
			path = Sounds;
			sourceTree = "<group>";
		};
		84E0E3C01FB9B1D000EAD800 = {
			isa = PBXGroup;
			children = (
				84A2886E201753860047C8CD /* LICENSE */,
				84E0E3DC1FB9B1FE00EAD800 /* podfile */,
				84E0E3CB1FB9B1D000EAD800 /* SystemTicket */,
				84E0E3CA1FB9B1D000EAD800 /* Products */,
				DBFDAD24012384F5B17B5E47 /* Pods */,
				0F3D9A13D5808C09B9F08966 /* Frameworks */,
			);
			sourceTree = "<group>";
		};
		84E0E3CA1FB9B1D000EAD800 /* Products */ = {
			isa = PBXGroup;
			children = (
				84E0E3C91FB9B1D000EAD800 /* SystemTicket.app */,
			);
			name = Products;
			sourceTree = "<group>";
		};
		84E0E3CB1FB9B1D000EAD800 /* SystemTicket */ = {
			isa = PBXGroup;
			children = (
				848C1382202C8E540099B798 /* Sounds */,
				848C137B202C8A910099B798 /* Addition */,
				84F254582011DB1100E5C8B8 /* Settings */,
				84062A6C1FF22A4B00417969 /* Ticket */,
				84E0E3CC1FB9B1D000EAD800 /* AppDelegate.swift */,
				84E0E3CE1FB9B1D000EAD800 /* ViewController.swift */,
				84E0E3D01FB9B1D000EAD800 /* Assets.xcassets */,
				84E0E3D21FB9B1D000EAD800 /* Main.storyboard */,
				84E0E3D51FB9B1D000EAD800 /* Info.plist */,
				84E0E3D61FB9B1D000EAD800 /* SystemTicket.entitlements */,
			);
			path = SystemTicket;
			sourceTree = "<group>";
		};
		84F254582011DB1100E5C8B8 /* Settings */ = {
			isa = PBXGroup;
			children = (
				84F254592011DB3600E5C8B8 /* Settings.swift */,
			);
			path = Settings;
			sourceTree = "<group>";
		};
		DBFDAD24012384F5B17B5E47 /* Pods */ = {
			isa = PBXGroup;
			children = (
				9A372C90ED9C18EE35EE9F48 /* Pods-SystemTicket.debug.xcconfig */,
				036D3E0C31FBB59834D1EAC0 /* Pods-SystemTicket.release.xcconfig */,
			);
			name = Pods;
			sourceTree = "<group>";
		};
/* End PBXGroup section */

/* Begin PBXNativeTarget section */
		84E0E3C81FB9B1D000EAD800 /* SystemTicket */ = {
			isa = PBXNativeTarget;
			buildConfigurationList = 84E0E3D91FB9B1D000EAD800 /* Build configuration list for PBXNativeTarget "SystemTicket" */;
			buildPhases = (
				F584AC38FFCFE7819B51F4DE /* [CP] Check Pods Manifest.lock */,
				84E0E3C51FB9B1D000EAD800 /* Sources */,
				84E0E3C61FB9B1D000EAD800 /* Frameworks */,
				84E0E3C71FB9B1D000EAD800 /* Resources */,
				AF5745164E9E884D4D0209C2 /* [CP] Embed Pods Frameworks */,
				A331C05716146B73A10C6742 /* [CP] Copy Pods Resources */,
			);
			buildRules = (
			);
			dependencies = (
			);
			name = SystemTicket;
			productName = SystemTicket;
			productReference = 84E0E3C91FB9B1D000EAD800 /* SystemTicket.app */;
			productType = "com.apple.product-type.application";
		};
/* End PBXNativeTarget section */

/* Begin PBXProject section */
		84E0E3C11FB9B1D000EAD800 /* Project object */ = {
			isa = PBXProject;
			attributes = {
				LastSwiftUpdateCheck = 0900;
				LastUpgradeCheck = 0900;
				ORGANIZATIONNAME = Smoks;
				TargetAttributes = {
					84E0E3C81FB9B1D000EAD800 = {
						CreatedOnToolsVersion = 9.0.1;
						ProvisioningStyle = Automatic;
					};
				};
			};
			buildConfigurationList = 84E0E3C41FB9B1D000EAD800 /* Build configuration list for PBXProject "SystemTicket" */;
			compatibilityVersion = "Xcode 8.0";
			developmentRegion = en;
			hasScannedForEncodings = 0;
			knownRegions = (
				en,
				Base,
			);
			mainGroup = 84E0E3C01FB9B1D000EAD800;
			productRefGroup = 84E0E3CA1FB9B1D000EAD800 /* Products */;
			projectDirPath = "";
			projectRoot = "";
			targets = (
				84E0E3C81FB9B1D000EAD800 /* SystemTicket */,
			);
		};
/* End PBXProject section */

/* Begin PBXResourcesBuildPhase section */
		84E0E3C71FB9B1D000EAD800 /* Resources */ = {
			isa = PBXResourcesBuildPhase;
			buildActionMask = 2147483647;
			files = (
				848C138C202C8E840099B798 /* Note.mp3 in Resources */,
				848C1388202C8E840099B798 /* Vk.mp3 in Resources */,
				84E0E3DD1FB9B1FE00EAD800 /* podfile in Resources */,
				848C138E202C9A7C0099B798 /* NewTicket.mp3 in Resources */,
				848C138B202C8E840099B798 /* Keys.mp3 in Resources */,
				848C138A202C8E840099B798 /* Blum.mp3 in Resources */,
				84E0E3D11FB9B1D000EAD800 /* Assets.xcassets in Resources */,
				84A2886F201753860047C8CD /* LICENSE in Resources */,
				848C1389202C8E840099B798 /* Bamboo.mp3 in Resources */,
				84E0E3D41FB9B1D000EAD800 /* Main.storyboard in Resources */,
			);
			runOnlyForDeploymentPostprocessing = 0;
		};
/* End PBXResourcesBuildPhase section */

/* Begin PBXShellScriptBuildPhase section */
		A331C05716146B73A10C6742 /* [CP] Copy Pods Resources */ = {
			isa = PBXShellScriptBuildPhase;
			buildActionMask = 2147483647;
			files = (
			);
			inputPaths = (
			);
			name = "[CP] Copy Pods Resources";
			outputPaths = (
			);
			runOnlyForDeploymentPostprocessing = 0;
			shellPath = /bin/sh;
			shellScript = "\"${SRCROOT}/Pods/Target Support Files/Pods-SystemTicket/Pods-SystemTicket-resources.sh\"\n";
			showEnvVarsInLog = 0;
		};
		AF5745164E9E884D4D0209C2 /* [CP] Embed Pods Frameworks */ = {
			isa = PBXShellScriptBuildPhase;
			buildActionMask = 2147483647;
			files = (
			);
			inputPaths = (
				"${SRCROOT}/Pods/Target Support Files/Pods-SystemTicket/Pods-SystemTicket-frameworks.sh",
				"${BUILT_PRODUCTS_DIR}/Alamofire/Alamofire.framework",
				"${BUILT_PRODUCTS_DIR}/Socket.IO-Client-Swift/SocketIO.framework",
				"${BUILT_PRODUCTS_DIR}/Starscream/Starscream.framework",
				"${BUILT_PRODUCTS_DIR}/SwiftyJSON/SwiftyJSON.framework",
				"${BUILT_PRODUCTS_DIR}/SwiftySound/SwiftySound.framework",
			);
			name = "[CP] Embed Pods Frameworks";
			outputPaths = (
				"${TARGET_BUILD_DIR}/${FRAMEWORKS_FOLDER_PATH}/Alamofire.framework",
				"${TARGET_BUILD_DIR}/${FRAMEWORKS_FOLDER_PATH}/SocketIO.framework",
				"${TARGET_BUILD_DIR}/${FRAMEWORKS_FOLDER_PATH}/Starscream.framework",
				"${TARGET_BUILD_DIR}/${FRAMEWORKS_FOLDER_PATH}/SwiftyJSON.framework",
				"${TARGET_BUILD_DIR}/${FRAMEWORKS_FOLDER_PATH}/SwiftySound.framework",
			);
			runOnlyForDeploymentPostprocessing = 0;
			shellPath = /bin/sh;
			shellScript = "\"${SRCROOT}/Pods/Target Support Files/Pods-SystemTicket/Pods-SystemTicket-frameworks.sh\"\n";
			showEnvVarsInLog = 0;
		};
		F584AC38FFCFE7819B51F4DE /* [CP] Check Pods Manifest.lock */ = {
			isa = PBXShellScriptBuildPhase;
			buildActionMask = 2147483647;
			files = (
			);
			inputPaths = (
				"${PODS_PODFILE_DIR_PATH}/Podfile.lock",
				"${PODS_ROOT}/Manifest.lock",
			);
			name = "[CP] Check Pods Manifest.lock";
			outputPaths = (
				"$(DERIVED_FILE_DIR)/Pods-SystemTicket-checkManifestLockResult.txt",
			);
			runOnlyForDeploymentPostprocessing = 0;
			shellPath = /bin/sh;
			shellScript = "diff \"${PODS_PODFILE_DIR_PATH}/Podfile.lock\" \"${PODS_ROOT}/Manifest.lock\" > /dev/null\nif [ $? != 0 ] ; then\n    # print error to STDERR\n    echo \"error: The sandbox is not in sync with the Podfile.lock. Run 'pod install' or update your CocoaPods installation.\" >&2\n    exit 1\nfi\n# This output is used by Xcode 'outputs' to avoid re-running this script phase.\necho \"SUCCESS\" > \"${SCRIPT_OUTPUT_FILE_0}\"\n";
			showEnvVarsInLog = 0;
		};
/* End PBXShellScriptBuildPhase section */

/* Begin PBXSourcesBuildPhase section */
		84E0E3C51FB9B1D000EAD800 /* Sources */ = {
			isa = PBXSourcesBuildPhase;
			buildActionMask = 2147483647;
			files = (
				84F2545A2011DB3600E5C8B8 /* Settings.swift in Sources */,
				84F254562010E08D00E5C8B8 /* Artwork.swift in Sources */,
				84E0E3CF1FB9B1D000EAD800 /* ViewController.swift in Sources */,
				84E0E3CD1FB9B1D000EAD800 /* AppDelegate.swift in Sources */,
				84F254542010D9BF00E5C8B8 /* viewTicket.swift in Sources */,
				84062A6E1FF22A6500417969 /* newTicket.swift in Sources */,
				848C137D202C8B010099B798 /* Messenger.swift in Sources */,
			);
			runOnlyForDeploymentPostprocessing = 0;
		};
/* End PBXSourcesBuildPhase section */

/* Begin PBXVariantGroup section */
		84E0E3D21FB9B1D000EAD800 /* Main.storyboard */ = {
			isa = PBXVariantGroup;
			children = (
				84E0E3D31FB9B1D000EAD800 /* Base */,
			);
			name = Main.storyboard;
			sourceTree = "<group>";
		};
/* End PBXVariantGroup section */

/* Begin XCBuildConfiguration section */
		84E0E3D71FB9B1D000EAD800 /* Debug */ = {
			isa = XCBuildConfiguration;
			buildSettings = {
				ALWAYS_SEARCH_USER_PATHS = NO;
				CLANG_ANALYZER_NONNULL = YES;
				CLANG_ANALYZER_NUMBER_OBJECT_CONVERSION = YES_AGGRESSIVE;
				CLANG_CXX_LANGUAGE_STANDARD = "gnu++14";
				CLANG_CXX_LIBRARY = "libc++";
				CLANG_ENABLE_MODULES = YES;
				CLANG_ENABLE_OBJC_ARC = YES;
				CLANG_WARN_BLOCK_CAPTURE_AUTORELEASING = YES;
				CLANG_WARN_BOOL_CONVERSION = YES;
				CLANG_WARN_COMMA = YES;
				CLANG_WARN_CONSTANT_CONVERSION = YES;
				CLANG_WARN_DIRECT_OBJC_ISA_USAGE = YES_ERROR;
				CLANG_WARN_DOCUMENTATION_COMMENTS = YES;
				CLANG_WARN_EMPTY_BODY = YES;
				CLANG_WARN_ENUM_CONVERSION = YES;
				CLANG_WARN_INFINITE_RECURSION = YES;
				CLANG_WARN_INT_CONVERSION = YES;
				CLANG_WARN_NON_LITERAL_NULL_CONVERSION = YES;
				CLANG_WARN_OBJC_LITERAL_CONVERSION = YES;
				CLANG_WARN_OBJC_ROOT_CLASS = YES_ERROR;
				CLANG_WARN_RANGE_LOOP_ANALYSIS = YES;
				CLANG_WARN_STRICT_PROTOTYPES = YES;
				CLANG_WARN_SUSPICIOUS_MOVE = YES;
				CLANG_WARN_UNGUARDED_AVAILABILITY = YES_AGGRESSIVE;
				CLANG_WARN_UNREACHABLE_CODE = YES;
				CLANG_WARN__DUPLICATE_METHOD_MATCH = YES;
				CODE_SIGN_IDENTITY = "Mac Developer";
				COPY_PHASE_STRIP = NO;
				DEBUG_INFORMATION_FORMAT = dwarf;
				ENABLE_STRICT_OBJC_MSGSEND = YES;
				ENABLE_TESTABILITY = YES;
				GCC_C_LANGUAGE_STANDARD = gnu11;
				GCC_DYNAMIC_NO_PIC = NO;
				GCC_NO_COMMON_BLOCKS = YES;
				GCC_OPTIMIZATION_LEVEL = 0;
				GCC_PREPROCESSOR_DEFINITIONS = (
					"DEBUG=1",
					"$(inherited)",
				);
				GCC_WARN_64_TO_32_BIT_CONVERSION = YES;
				GCC_WARN_ABOUT_RETURN_TYPE = YES_ERROR;
				GCC_WARN_UNDECLARED_SELECTOR = YES;
				GCC_WARN_UNINITIALIZED_AUTOS = YES_AGGRESSIVE;
				GCC_WARN_UNUSED_FUNCTION = YES;
				GCC_WARN_UNUSED_VARIABLE = YES;
				MACOSX_DEPLOYMENT_TARGET = 10.13;
				MTL_ENABLE_DEBUG_INFO = YES;
				ONLY_ACTIVE_ARCH = YES;
				SDKROOT = macosx;
				SWIFT_ACTIVE_COMPILATION_CONDITIONS = DEBUG;
				SWIFT_OPTIMIZATION_LEVEL = "-Onone";
			};
			name = Debug;
		};
		84E0E3D81FB9B1D000EAD800 /* Release */ = {
			isa = XCBuildConfiguration;
			buildSettings = {
				ALWAYS_SEARCH_USER_PATHS = NO;
				CLANG_ANALYZER_NONNULL = YES;
				CLANG_ANALYZER_NUMBER_OBJECT_CONVERSION = YES_AGGRESSIVE;
				CLANG_CXX_LANGUAGE_STANDARD = "gnu++14";
				CLANG_CXX_LIBRARY = "libc++";
				CLANG_ENABLE_MODULES = YES;
				CLANG_ENABLE_OBJC_ARC = YES;
				CLANG_WARN_BLOCK_CAPTURE_AUTORELEASING = YES;
				CLANG_WARN_BOOL_CONVERSION = YES;
				CLANG_WARN_COMMA = YES;
				CLANG_WARN_CONSTANT_CONVERSION = YES;
				CLANG_WARN_DIRECT_OBJC_ISA_USAGE = YES_ERROR;
				CLANG_WARN_DOCUMENTATION_COMMENTS = YES;
				CLANG_WARN_EMPTY_BODY = YES;
				CLANG_WARN_ENUM_CONVERSION = YES;
				CLANG_WARN_INFINITE_RECURSION = YES;
				CLANG_WARN_INT_CONVERSION = YES;
				CLANG_WARN_NON_LITERAL_NULL_CONVERSION = YES;
				CLANG_WARN_OBJC_LITERAL_CONVERSION = YES;
				CLANG_WARN_OBJC_ROOT_CLASS = YES_ERROR;
				CLANG_WARN_RANGE_LOOP_ANALYSIS = YES;
				CLANG_WARN_STRICT_PROTOTYPES = YES;
				CLANG_WARN_SUSPICIOUS_MOVE = YES;
				CLANG_WARN_UNGUARDED_AVAILABILITY = YES_AGGRESSIVE;
				CLANG_WARN_UNREACHABLE_CODE = YES;
				CLANG_WARN__DUPLICATE_METHOD_MATCH = YES;
				CODE_SIGN_IDENTITY = "Mac Developer";
				COPY_PHASE_STRIP = NO;
				DEBUG_INFORMATION_FORMAT = "dwarf-with-dsym";
				ENABLE_NS_ASSERTIONS = NO;
				ENABLE_STRICT_OBJC_MSGSEND = YES;
				GCC_C_LANGUAGE_STANDARD = gnu11;
				GCC_NO_COMMON_BLOCKS = YES;
				GCC_WARN_64_TO_32_BIT_CONVERSION = YES;
				GCC_WARN_ABOUT_RETURN_TYPE = YES_ERROR;
				GCC_WARN_UNDECLARED_SELECTOR = YES;
				GCC_WARN_UNINITIALIZED_AUTOS = YES_AGGRESSIVE;
				GCC_WARN_UNUSED_FUNCTION = YES;
				GCC_WARN_UNUSED_VARIABLE = YES;
				MACOSX_DEPLOYMENT_TARGET = 10.13;
				MTL_ENABLE_DEBUG_INFO = NO;
				SDKROOT = macosx;
				SWIFT_OPTIMIZATION_LEVEL = "-Owholemodule";
			};
			name = Release;
		};
		84E0E3DA1FB9B1D000EAD800 /* Debug */ = {
			isa = XCBuildConfiguration;
			baseConfigurationReference = 9A372C90ED9C18EE35EE9F48 /* Pods-SystemTicket.debug.xcconfig */;
			buildSettings = {
				ASSETCATALOG_COMPILER_APPICON_NAME = AppIcon;
				CODE_SIGN_ENTITLEMENTS = SystemTicket/SystemTicket.entitlements;
				CODE_SIGN_STYLE = Automatic;
				COMBINE_HIDPI_IMAGES = YES;
				DEVELOPMENT_TEAM = 7KH3D8DH8F;
				INFOPLIST_FILE = SystemTicket/Info.plist;
				LD_RUNPATH_SEARCH_PATHS = "$(inherited) @executable_path/../Frameworks";
				MACOSX_DEPLOYMENT_TARGET = 10.13;
				PRODUCT_BUNDLE_IDENTIFIER = Pitka.SystemTicket;
				PRODUCT_NAME = "$(TARGET_NAME)";
				SWIFT_VERSION = 4.0;
			};
			name = Debug;
		};
		84E0E3DB1FB9B1D000EAD800 /* Release */ = {
			isa = XCBuildConfiguration;
			baseConfigurationReference = 036D3E0C31FBB59834D1EAC0 /* Pods-SystemTicket.release.xcconfig */;
			buildSettings = {
				ASSETCATALOG_COMPILER_APPICON_NAME = AppIcon;
				CODE_SIGN_ENTITLEMENTS = SystemTicket/SystemTicket.entitlements;
				CODE_SIGN_STYLE = Automatic;
				COMBINE_HIDPI_IMAGES = YES;
				DEVELOPMENT_TEAM = 7KH3D8DH8F;
				INFOPLIST_FILE = SystemTicket/Info.plist;
				LD_RUNPATH_SEARCH_PATHS = "$(inherited) @executable_path/../Frameworks";
				MACOSX_DEPLOYMENT_TARGET = 10.13;
				PRODUCT_BUNDLE_IDENTIFIER = Pitka.SystemTicket;
				PRODUCT_NAME = "$(TARGET_NAME)";
				SWIFT_VERSION = 4.0;
			};
			name = Release;
		};
/* End XCBuildConfiguration section */

/* Begin XCConfigurationList section */
		84E0E3C41FB9B1D000EAD800 /* Build configuration list for PBXProject "SystemTicket" */ = {
			isa = XCConfigurationList;
			buildConfigurations = (
				84E0E3D71FB9B1D000EAD800 /* Debug */,
				84E0E3D81FB9B1D000EAD800 /* Release */,
			);
			defaultConfigurationIsVisible = 0;
			defaultConfigurationName = Release;
		};
		84E0E3D91FB9B1D000EAD800 /* Build configuration list for PBXNativeTarget "SystemTicket" */ = {
			isa = XCConfigurationList;
			buildConfigurations = (
				84E0E3DA1FB9B1D000EAD800 /* Debug */,
				84E0E3DB1FB9B1D000EAD800 /* Release */,
			);
			defaultConfigurationIsVisible = 0;
			defaultConfigurationName = Release;
		};
/* End XCConfigurationList section */
	};
	rootObject = 84E0E3C11FB9B1D000EAD800 /* Project object */;
}
